
Microsoft Visual Studio Solution File, Format Version 12.00
# Visual Studio Version 16
VisualStudioVersion = 16.0.32106.194
MinimumVisualStudioVersion = 10.0.40219.1
Project("{FAE04EC0-301F-11D3-BF4B-00C04F79EFBC}") = "PizzaFEConsoleApp", "PizzaFEConsoleApp\PizzaFEConsoleApp.csproj", "{37FC1C88-D7A9-4BBF-8E69-DB4CCDC8CD98}"
EndProject
Project("{FAE04EC0-301F-11D3-BF4B-00C04F79EFBC}") = "PizzaModelsLibrary", "PizzaModelsLibrary\PizzaModelsLibrary.csproj", "{224B3097-816F-4CD9-AA2B-CDFCFE5FB18C}"
EndProject
Project("{FAE04EC0-301F-11D3-BF4B-00C04F79EFBC}") = "PizzaDALLibrary", "PizzaDALLibrary\PizzaDALLibrary.csproj", "{83700EA9-9F11-43D4-8728-1A8EE0680CAA}"
EndProject
Project("{FAE04EC0-301F-11D3-BF4B-00C04F79EFBC}") = "PizzaDALEFLibrary", "PizzaDALEFLibrary\PizzaDALEFLibrary.csproj", "{50B2C81F-E2FA-46BC-9540-7F2A6BE21918}"
EndProject
Global
	GlobalSection(SolutionConfigurationPlatforms) = preSolution
		Debug|Any CPU = Debug|Any CPU
		Release|Any CPU = Release|Any CPU
	EndGlobalSection
	GlobalSection(ProjectConfigurationPlatforms) = postSolution
		{37FC1C88-D7A9-4BBF-8E69-DB4CCDC8CD98}.Debug|Any CPU.ActiveCfg = Debug|Any CPU
		{37FC1C88-D7A9-4BBF-8E69-DB4CCDC8CD98}.Debug|Any CPU.Build.0 = Debug|Any CPU
		{37FC1C88-D7A9-4BBF-8E69-DB4CCDC8CD98}.Release|Any CPU.ActiveCfg = Release|Any CPU
		{37FC1C88-D7A9-4BBF-8E69-DB4CCDC8CD98}.Release|Any CPU.Build.0 = Release|Any CPU
		{224B3097-816F-4CD9-AA2B-CDFCFE5FB18C}.Debug|Any CPU.ActiveCfg = Debug|Any CPU
		{224B3097-816F-4CD9-AA2B-CDFCFE5FB18C}.Debug|Any CPU.Build.0 = Debug|Any CPU
		{224B3097-816F-4CD9-AA2B-CDFCFE5FB18C}.Release|Any CPU.ActiveCfg = Release|Any CPU
		{224B3097-816F-4CD9-AA2B-CDFCFE5FB18C}.Release|Any CPU.Build.0 = Release|Any CPU
		{83700EA9-9F11-43D4-8728-1A8EE0680CAA}.Debug|Any CPU.ActiveCfg = Debug|Any CPU
		{83700EA9-9F11-43D4-8728-1A8EE0680CAA}.Debug|Any CPU.Build.0 = Debug|Any CPU
		{83700EA9-9F11-43D4-8728-1A8EE0680CAA}.Release|Any CPU.ActiveCfg = Release|Any CPU
		{83700EA9-9F11-43D4-8728-1A8EE0680CAA}.Release|Any CPU.Build.0 = Release|Any CPU
		{50B2C81F-E2FA-46BC-9540-7F2A6BE21918}.Debug|Any CPU.ActiveCfg = Debug|Any CPU
		{50B2C81F-E2FA-46BC-9540-7F2A6BE21918}.Debug|Any CPU.Build.0 = Debug|Any CPU
		{50B2C81F-E2FA-46BC-9540-7F2A6BE21918}.Release|Any CPU.ActiveCfg = Release|Any CPU
		{50B2C81F-E2FA-46BC-9540-7F2A6BE21918}.Release|Any CPU.Build.0 = Release|Any CPU
	EndGlobalSection
	GlobalSection(SolutionProperties) = preSolution
		HideSolutionNode = FALSE
	EndGlobalSection
	GlobalSection(ExtensibilityGlobals) = postSolution
		SolutionGuid = {066629D3-6617-43DB-96D2-8C14DF9257D8}
	EndGlobalSection
EndGlobal
