
Microsoft Visual Studio Solution File, Format Version 12.00
# Visual Studio Version 17
VisualStudioVersion = 17.0.32126.317
MinimumVisualStudioVersion = 10.0.40219.1
Project("{FAE04EC0-301F-11D3-BF4B-00C04F79EFBC}") = "APIEFAssigment", "APIEFAssigment\APIEFAssigment.csproj", "{45A7A93E-9FF8-45D4-B3F5-2F8F522038B1}"
EndProject
Global
	GlobalSection(SolutionConfigurationPlatforms) = preSolution
		Debug|Any CPU = Debug|Any CPU
		Release|Any CPU = Release|Any CPU
	EndGlobalSection
	GlobalSection(ProjectConfigurationPlatforms) = postSolution
		{45A7A93E-9FF8-45D4-B3F5-2F8F522038B1}.Debug|Any CPU.ActiveCfg = Debug|Any CPU
		{45A7A93E-9FF8-45D4-B3F5-2F8F522038B1}.Debug|Any CPU.Build.0 = Debug|Any CPU
		{45A7A93E-9FF8-45D4-B3F5-2F8F522038B1}.Release|Any CPU.ActiveCfg = Release|Any CPU
		{45A7A93E-9FF8-45D4-B3F5-2F8F522038B1}.Release|Any CPU.Build.0 = Release|Any CPU
	EndGlobalSection
	GlobalSection(SolutionProperties) = preSolution
		HideSolutionNode = FALSE
	EndGlobalSection
	GlobalSection(ExtensibilityGlobals) = postSolution
		SolutionGuid = {B1D537A6-E6F8-491C-A694-9E05592981C6}
	EndGlobalSection
EndGlobal
