
Microsoft Visual Studio Solution File, Format Version 12.00
# Visual Studio Version 17
VisualStudioVersion = 17.0.32126.317
MinimumVisualStudioVersion = 10.0.40219.1
Project("{FAE04EC0-301F-11D3-BF4B-00C04F79EFBC}") = "ConsumeAPIEFApplication", "ConsumeAPIEFApplication\ConsumeAPIEFApplication.csproj", "{E2C0F260-D749-4A72-8153-E95793985214}"
EndProject
Global
	GlobalSection(SolutionConfigurationPlatforms) = preSolution
		Debug|Any CPU = Debug|Any CPU
		Release|Any CPU = Release|Any CPU
	EndGlobalSection
	GlobalSection(ProjectConfigurationPlatforms) = postSolution
		{E2C0F260-D749-4A72-8153-E95793985214}.Debug|Any CPU.ActiveCfg = Debug|Any CPU
		{E2C0F260-D749-4A72-8153-E95793985214}.Debug|Any CPU.Build.0 = Debug|Any CPU
		{E2C0F260-D749-4A72-8153-E95793985214}.Release|Any CPU.ActiveCfg = Release|Any CPU
		{E2C0F260-D749-4A72-8153-E95793985214}.Release|Any CPU.Build.0 = Release|Any CPU
	EndGlobalSection
	GlobalSection(SolutionProperties) = preSolution
		HideSolutionNode = FALSE
	EndGlobalSection
	GlobalSection(ExtensibilityGlobals) = postSolution
		SolutionGuid = {B01A3093-67E1-4444-A2EE-0ABF10722FFC}
	EndGlobalSection
EndGlobal
