
Microsoft Visual Studio Solution File, Format Version 12.00
# Visual Studio Version 17
VisualStudioVersion = 17.0.32126.317
MinimumVisualStudioVersion = 10.0.40219.1
Project("{FAE04EC0-301F-11D3-BF4B-00C04F79EFBC}") = "PizzaApplication", "PizzaApplication\PizzaApplication.csproj", "{C5DA385A-CD38-416B-B07E-C14991160C87}"
EndProject
Global
	GlobalSection(SolutionConfigurationPlatforms) = preSolution
		Debug|Any CPU = Debug|Any CPU
		Release|Any CPU = Release|Any CPU
	EndGlobalSection
	GlobalSection(ProjectConfigurationPlatforms) = postSolution
		{C5DA385A-CD38-416B-B07E-C14991160C87}.Debug|Any CPU.ActiveCfg = Debug|Any CPU
		{C5DA385A-CD38-416B-B07E-C14991160C87}.Debug|Any CPU.Build.0 = Debug|Any CPU
		{C5DA385A-CD38-416B-B07E-C14991160C87}.Release|Any CPU.ActiveCfg = Release|Any CPU
		{C5DA385A-CD38-416B-B07E-C14991160C87}.Release|Any CPU.Build.0 = Release|Any CPU
	EndGlobalSection
	GlobalSection(SolutionProperties) = preSolution
		HideSolutionNode = FALSE
	EndGlobalSection
	GlobalSection(ExtensibilityGlobals) = postSolution
		SolutionGuid = {C9A452EE-B1A1-480D-9C9F-BB5E60233FA4}
	EndGlobalSection
EndGlobal
