
Microsoft Visual Studio Solution File, Format Version 12.00
# Visual Studio Version 16
VisualStudioVersion = 16.0.32106.194
MinimumVisualStudioVersion = 10.0.40219.1
Project("{FAE04EC0-301F-11D3-BF4B-00C04F79EFBC}") = "UnderstandingInheritanceApplication", "UnderstandingInheritanceApplication\UnderstandingInheritanceApplication.csproj", "{47C5C851-7310-414F-A1AC-2B29573AE631}"
EndProject
Global
	GlobalSection(SolutionConfigurationPlatforms) = preSolution
		Debug|Any CPU = Debug|Any CPU
		Release|Any CPU = Release|Any CPU
	EndGlobalSection
	GlobalSection(ProjectConfigurationPlatforms) = postSolution
		{47C5C851-7310-414F-A1AC-2B29573AE631}.Debug|Any CPU.ActiveCfg = Debug|Any CPU
		{47C5C851-7310-414F-A1AC-2B29573AE631}.Debug|Any CPU.Build.0 = Debug|Any CPU
		{47C5C851-7310-414F-A1AC-2B29573AE631}.Release|Any CPU.ActiveCfg = Release|Any CPU
		{47C5C851-7310-414F-A1AC-2B29573AE631}.Release|Any CPU.Build.0 = Release|Any CPU
	EndGlobalSection
	GlobalSection(SolutionProperties) = preSolution
		HideSolutionNode = FALSE
	EndGlobalSection
	GlobalSection(ExtensibilityGlobals) = postSolution
		SolutionGuid = {769B77D4-6BD3-458E-9C68-9E8F8AFE22A5}
	EndGlobalSection
EndGlobal
