
Microsoft Visual Studio Solution File, Format Version 12.00
# Visual Studio Version 16
VisualStudioVersion = 16.0.32106.194
MinimumVisualStudioVersion = 10.0.40219.1
Project("{FAE04EC0-301F-11D3-BF4B-00C04F79EFBC}") = "UnderstandingLINQApp", "UnderstandingLINQApp\UnderstandingLINQApp.csproj", "{C4CA3A5C-8A94-453C-BBC6-E63DD95B8ADC}"
EndProject
Global
	GlobalSection(SolutionConfigurationPlatforms) = preSolution
		Debug|Any CPU = Debug|Any CPU
		Release|Any CPU = Release|Any CPU
	EndGlobalSection
	GlobalSection(ProjectConfigurationPlatforms) = postSolution
		{C4CA3A5C-8A94-453C-BBC6-E63DD95B8ADC}.Debug|Any CPU.ActiveCfg = Debug|Any CPU
		{C4CA3A5C-8A94-453C-BBC6-E63DD95B8ADC}.Debug|Any CPU.Build.0 = Debug|Any CPU
		{C4CA3A5C-8A94-453C-BBC6-E63DD95B8ADC}.Release|Any CPU.ActiveCfg = Release|Any CPU
		{C4CA3A5C-8A94-453C-BBC6-E63DD95B8ADC}.Release|Any CPU.Build.0 = Release|Any CPU
	EndGlobalSection
	GlobalSection(SolutionProperties) = preSolution
		HideSolutionNode = FALSE
	EndGlobalSection
	GlobalSection(ExtensibilityGlobals) = postSolution
		SolutionGuid = {6AD2E11D-B37B-4219-9E97-79208FE77E1B}
	EndGlobalSection
EndGlobal
