
Microsoft Visual Studio Solution File, Format Version 12.00
# Visual Studio Version 17
VisualStudioVersion = 17.0.32126.317
MinimumVisualStudioVersion = 10.0.40219.1
Project("{FAE04EC0-301F-11D3-BF4B-00C04F79EFBC}") = "PassingInputAssignmentApp", "PassingInputAssignmentApp\PassingInputAssignmentApp.csproj", "{23A4960A-752A-4EBA-AADA-427C4F141F12}"
EndProject
Project("{FAE04EC0-301F-11D3-BF4B-00C04F79EFBC}") = "TestProject1", "TestProject1\TestProject1.csproj", "{014055E7-0DC2-412F-8D51-79D67EBA8A3E}"
EndProject
Global
	GlobalSection(SolutionConfigurationPlatforms) = preSolution
		Debug|Any CPU = Debug|Any CPU
		Release|Any CPU = Release|Any CPU
	EndGlobalSection
	GlobalSection(ProjectConfigurationPlatforms) = postSolution
		{23A4960A-752A-4EBA-AADA-427C4F141F12}.Debug|Any CPU.ActiveCfg = Debug|Any CPU
		{23A4960A-752A-4EBA-AADA-427C4F141F12}.Debug|Any CPU.Build.0 = Debug|Any CPU
		{23A4960A-752A-4EBA-AADA-427C4F141F12}.Release|Any CPU.ActiveCfg = Release|Any CPU
		{23A4960A-752A-4EBA-AADA-427C4F141F12}.Release|Any CPU.Build.0 = Release|Any CPU
		{014055E7-0DC2-412F-8D51-79D67EBA8A3E}.Debug|Any CPU.ActiveCfg = Debug|Any CPU
		{014055E7-0DC2-412F-8D51-79D67EBA8A3E}.Debug|Any CPU.Build.0 = Debug|Any CPU
		{014055E7-0DC2-412F-8D51-79D67EBA8A3E}.Release|Any CPU.ActiveCfg = Release|Any CPU
		{014055E7-0DC2-412F-8D51-79D67EBA8A3E}.Release|Any CPU.Build.0 = Release|Any CPU
	EndGlobalSection
	GlobalSection(SolutionProperties) = preSolution
		HideSolutionNode = FALSE
	EndGlobalSection
	GlobalSection(ExtensibilityGlobals) = postSolution
		SolutionGuid = {1E2216A9-107F-4767-8BDF-43CEBACAF3A2}
	EndGlobalSection
EndGlobal
