
Microsoft Visual Studio Solution File, Format Version 12.00
# Visual Studio Version 17
VisualStudioVersion = 17.0.32126.317
MinimumVisualStudioVersion = 10.0.40219.1
Project("{FAE04EC0-301F-11D3-BF4B-00C04F79EFBC}") = "FirstAPI", "FirstAPI\FirstAPI.csproj", "{35E2F070-5D37-4E1A-AAD3-07CDEA5572E2}"
EndProject
Global
	GlobalSection(SolutionConfigurationPlatforms) = preSolution
		Debug|Any CPU = Debug|Any CPU
		Release|Any CPU = Release|Any CPU
	EndGlobalSection
	GlobalSection(ProjectConfigurationPlatforms) = postSolution
		{35E2F070-5D37-4E1A-AAD3-07CDEA5572E2}.Debug|Any CPU.ActiveCfg = Debug|Any CPU
		{35E2F070-5D37-4E1A-AAD3-07CDEA5572E2}.Debug|Any CPU.Build.0 = Debug|Any CPU
		{35E2F070-5D37-4E1A-AAD3-07CDEA5572E2}.Release|Any CPU.ActiveCfg = Release|Any CPU
		{35E2F070-5D37-4E1A-AAD3-07CDEA5572E2}.Release|Any CPU.Build.0 = Release|Any CPU
	EndGlobalSection
	GlobalSection(SolutionProperties) = preSolution
		HideSolutionNode = FALSE
	EndGlobalSection
	GlobalSection(ExtensibilityGlobals) = postSolution
		SolutionGuid = {1BBDC9EA-D82C-40F7-A103-C2FBF70EDA4B}
	EndGlobalSection
EndGlobal
