
Microsoft Visual Studio Solution File, Format Version 12.00
# Visual Studio Version 16
VisualStudioVersion = 16.0.32106.194
MinimumVisualStudioVersion = 10.0.40219.1
Project("{FAE04EC0-301F-11D3-BF4B-00C04F79EFBC}") = "UnderstandingADOApp", "UnderstandingADOApp\UnderstandingADOApp.csproj", "{CA0B32C1-6CE4-4F9E-8E5B-F379FE9312D8}"
EndProject
Global
	GlobalSection(SolutionConfigurationPlatforms) = preSolution
		Debug|Any CPU = Debug|Any CPU
		Release|Any CPU = Release|Any CPU
	EndGlobalSection
	GlobalSection(ProjectConfigurationPlatforms) = postSolution
		{CA0B32C1-6CE4-4F9E-8E5B-F379FE9312D8}.Debug|Any CPU.ActiveCfg = Debug|Any CPU
		{CA0B32C1-6CE4-4F9E-8E5B-F379FE9312D8}.Debug|Any CPU.Build.0 = Debug|Any CPU
		{CA0B32C1-6CE4-4F9E-8E5B-F379FE9312D8}.Release|Any CPU.ActiveCfg = Release|Any CPU
		{CA0B32C1-6CE4-4F9E-8E5B-F379FE9312D8}.Release|Any CPU.Build.0 = Release|Any CPU
	EndGlobalSection
	GlobalSection(SolutionProperties) = preSolution
		HideSolutionNode = FALSE
	EndGlobalSection
	GlobalSection(ExtensibilityGlobals) = postSolution
		SolutionGuid = {94D52724-7CF7-4AF3-84E8-67782C9A2FC5}
	EndGlobalSection
EndGlobal
